
Microsoft Visual Studio Solution File, Format Version 12.00
# Visual Studio Version 17
VisualStudioVersion = 17.5.002.0
MinimumVisualStudioVersion = 10.0.40219.1
Project("{9A19103F-16F7-4668-BE54-9A1E7A4F7556}") = "PokemonReviewApp", "PokemonReviewApp.csproj", "{30D9B821-7651-4F2A-8A64-A777443DFF3A}"
EndProject
Global
	GlobalSection(SolutionConfigurationPlatforms) = preSolution
		Debug|Any CPU = Debug|Any CPU
		Release|Any CPU = Release|Any CPU
	EndGlobalSection
	GlobalSection(ProjectConfigurationPlatforms) = postSolution
		{30D9B821-7651-4F2A-8A64-A777443DFF3A}.Debug|Any CPU.ActiveCfg = Debug|Any CPU
		{30D9B821-7651-4F2A-8A64-A777443DFF3A}.Debug|Any CPU.Build.0 = Debug|Any CPU
		{30D9B821-7651-4F2A-8A64-A777443DFF3A}.Release|Any CPU.ActiveCfg = Release|Any CPU
		{30D9B821-7651-4F2A-8A64-A777443DFF3A}.Release|Any CPU.Build.0 = Release|Any CPU
	EndGlobalSection
	GlobalSection(SolutionProperties) = preSolution
		HideSolutionNode = FALSE
	EndGlobalSection
	GlobalSection(ExtensibilityGlobals) = postSolution
		SolutionGuid = {8549800A-C235-4218-812E-5E35F8155D9C}
	EndGlobalSection
EndGlobal
